
Microsoft Visual Studio Solution File, Format Version 12.00
# Visual Studio Version 17
VisualStudioVersion = 17.2.32505.173
MinimumVisualStudioVersion = 10.0.40219.1
Project("{FAE04EC0-301F-11D3-BF4B-00C04F79EFBC}") = "kanadeiarmail", "kanadeiarmail.csproj", "{A1D7E017-2CC5-4355-B11E-93620418271E}"
EndProject
Global
	GlobalSection(SolutionConfigurationPlatforms) = preSolution
		Debug|Any CPU = Debug|Any CPU
		Release|Any CPU = Release|Any CPU
	EndGlobalSection
	GlobalSection(ProjectConfigurationPlatforms) = postSolution
		{A1D7E017-2CC5-4355-B11E-93620418271E}.Debug|Any CPU.ActiveCfg = Debug|Any CPU
		{A1D7E017-2CC5-4355-B11E-93620418271E}.Debug|Any CPU.Build.0 = Debug|Any CPU
		{A1D7E017-2CC5-4355-B11E-93620418271E}.Release|Any CPU.ActiveCfg = Release|Any CPU
		{A1D7E017-2CC5-4355-B11E-93620418271E}.Release|Any CPU.Build.0 = Release|Any CPU
	EndGlobalSection
	GlobalSection(SolutionProperties) = preSolution
		HideSolutionNode = FALSE
	EndGlobalSection
	GlobalSection(ExtensibilityGlobals) = postSolution
		SolutionGuid = {DB277D82-D420-4389-9F71-7DBA31BE8562}
	EndGlobalSection
EndGlobal
